<?xml version="1.0" encoding="utf-8"?>
<Project ToolsVersion="4.0" xmlns="http://schemas.microsoft.com/developer/msbuild/2003">
  <ItemGroup>
    <ClCompile Include="main.cpp" />
    <ClCompile Include="stdafx.cpp" />
    <ClCompile Include="GameApp.cpp">
      <Filter>App</Filter>
    </ClCompile>
    <ClCompile Include="Multithreading.cpp">
      <Filter>Test2</Filter>
    </ClCompile>
    <ClCompile Include="Node.cpp">
      <Filter>Test2</Filter>
    </ClCompile>
    <ClCompile Include="t1Animation.cpp">
      <Filter>Test2</Filter>
    </ClCompile>
    <ClCompile Include="Bone.cpp">
      <Filter>Test2</Filter>
    </ClCompile>
    <ClCompile Include="Mesh.cpp">
      <Filter>Test2</Filter>
    </ClCompile>
    <ClCompile Include="PhysicsManager.cpp">
      <Filter>Test2</Filter>
    </ClCompile>
    <ClCompile Include="TextureManager.cpp">
      <Filter>Test2</Filter>
    </ClCompile>
    <ClCompile Include="TempImage.cpp">
      <Filter>Test2</Filter>
    </ClCompile>
    <ClCompile Include="SoundManager.cpp">
      <Filter>Test2</Filter>
    </ClCompile>
    <ClCompile Include="Shader.cpp">
      <Filter>Test2</Filter>
    </ClCompile>
    <ClCompile Include="Matrices.cpp">
      <Filter>Test2</Filter>
    </ClCompile>
    <ClCompile Include="Light.cpp">
      <Filter>Test2</Filter>
    </ClCompile>
    <ClCompile Include="Framebuffer.cpp">
      <Filter>Test2</Filter>
    </ClCompile>
    <ClCompile Include="t1Renderer.cpp">
      <Filter>Test2</Filter>
    </ClCompile>
    <ClCompile Include="Material.cpp">
      <Filter>Test2</Filter>
    </ClCompile>
    <ClCompile Include="t1Camera.cpp">
      <Filter>Test2</Filter>
    </ClCompile>
    <ClCompile Include="Model.cpp">
      <Filter>Test2</Filter>
    </ClCompile>
    <ClCompile Include="SceneManager.cpp">
      <Filter>Test2</Filter>
    </ClCompile>
    <ClCompile Include="ShadowManager.cpp">
      <Filter>Test2</Filter>
    </ClCompile>
    <ClCompile Include="Test1App.cpp">
      <Filter>Test1</Filter>
    </ClCompile>
    <ClCompile Include="Test2App.cpp">
      <Filter>Test2</Filter>
    </ClCompile>
    <ClCompile Include="FileOpener.cpp">
      <Filter>Test3</Filter>
    </ClCompile>
    <ClCompile Include="GraphicsResource.cpp">
      <Filter>Test3</Filter>
    </ClCompile>
    <ClCompile Include="Animations.cpp">
      <Filter>Test3</Filter>
    </ClCompile>
    <ClCompile Include="Camera.cpp">
      <Filter>Test3</Filter>
    </ClCompile>
    <ClCompile Include="GraphicModel.cpp">
      <Filter>Test3</Filter>
    </ClCompile>
    <ClCompile Include="Renderer.cpp">
      <Filter>Test3</Filter>
    </ClCompile>
    <ClCompile Include="Test3App.cpp">
      <Filter>Test3</Filter>
    </ClCompile>
  </ItemGroup>
  <ItemGroup>
    <ClInclude Include="stdafx.h" />
    <ClInclude Include="GameApp.h">
      <Filter>App</Filter>
    </ClInclude>
    <ClInclude Include="Utils.h">
      <Filter>Test2</Filter>
    </ClInclude>
    <ClInclude Include="Multithreading.h">
      <Filter>Test2</Filter>
    </ClInclude>
    <ClInclude Include="Node.h">
      <Filter>Test2</Filter>
    </ClInclude>
    <ClInclude Include="t1Animation.h">
      <Filter>Test2</Filter>
    </ClInclude>
    <ClInclude Include="Bone.h">
      <Filter>Test2</Filter>
    </ClInclude>
    <ClInclude Include="Mesh.h">
      <Filter>Test2</Filter>
    </ClInclude>
    <ClInclude Include="PhysicsManager.h">
      <Filter>Test2</Filter>
    </ClInclude>
    <ClInclude Include="TextureManager.h">
      <Filter>Test2</Filter>
    </ClInclude>
    <ClInclude Include="TempImage.h">
      <Filter>Test2</Filter>
    </ClInclude>
    <ClInclude Include="SoundManager.h">
      <Filter>Test2</Filter>
    </ClInclude>
    <ClInclude Include="Shader.h">
      <Filter>Test2</Filter>
    </ClInclude>
    <ClInclude Include="Matrices.h">
      <Filter>Test2</Filter>
    </ClInclude>
    <ClInclude Include="Light.h">
      <Filter>Test2</Filter>
    </ClInclude>
    <ClInclude Include="Framebuffer.h">
      <Filter>Test2</Filter>
    </ClInclude>
    <ClInclude Include="t1Renderer.h">
      <Filter>Test2</Filter>
    </ClInclude>
    <ClInclude Include="Material.h">
      <Filter>Test2</Filter>
    </ClInclude>
    <ClInclude Include="t1Camera.h">
      <Filter>Test2</Filter>
    </ClInclude>
    <ClInclude Include="Model.h">
      <Filter>Test2</Filter>
    </ClInclude>
    <ClInclude Include="SceneManager.h">
      <Filter>Test2</Filter>
    </ClInclude>
    <ClInclude Include="ShadowManager.h">
      <Filter>Test2</Filter>
    </ClInclude>
    <ClInclude Include="Test1App.h">
      <Filter>Test1</Filter>
    </ClInclude>
    <ClInclude Include="Test2App.h">
      <Filter>Test2</Filter>
    </ClInclude>
    <ClInclude Include="GraphicsResource.h">
      <Filter>Test3</Filter>
    </ClInclude>
    <ClInclude Include="FileOpener.h">
      <Filter>Test3</Filter>
    </ClInclude>
    <ClInclude Include="Animations.h">
      <Filter>Test3</Filter>
    </ClInclude>
    <ClInclude Include="Camera.h">
      <Filter>Test3</Filter>
    </ClInclude>
    <ClInclude Include="OBJ_Loader.h">
      <Filter>Test3</Filter>
    </ClInclude>
    <ClInclude Include="GraphicModel.h">
      <Filter>Test3</Filter>
    </ClInclude>
    <ClInclude Include="Renderer.h">
      <Filter>Test3</Filter>
    </ClInclude>
    <ClInclude Include="profiler.h">
      <Filter>Test3</Filter>
    </ClInclude>
    <ClInclude Include="Test3App.h">
      <Filter>Test3</Filter>
    </ClInclude>
  </ItemGroup>
  <ItemGroup>
    <Filter Include="App">
      <UniqueIdentifier>{742a5fa7-921d-46f5-961f-0165aa9ee3e0}</UniqueIdentifier>
    </Filter>
    <Filter Include="Test1">
      <UniqueIdentifier>{950c129f-a466-4e6c-8edb-1eeaa8b069c0}</UniqueIdentifier>
    </Filter>
    <Filter Include="Test1\Shader">
      <UniqueIdentifier>{84bbf24f-97da-4444-b43e-7cdf2ce82912}</UniqueIdentifier>
    </Filter>
    <Filter Include="Test2">
      <UniqueIdentifier>{86a07967-cd8f-48ae-aec0-61d985b21bef}</UniqueIdentifier>
    </Filter>
    <Filter Include="Test3">
      <UniqueIdentifier>{5ff3124b-5662-42c3-8271-426962c67925}</UniqueIdentifier>
    </Filter>
  </ItemGroup>
  <ItemGroup>
    <None Include="blur.frag.glsl">
      <Filter>Test1\Shader</Filter>
    </None>
    <None Include="blur.vert.glsl">
      <Filter>Test1\Shader</Filter>
    </None>
    <None Include="gbuffer.frag.glsl">
      <Filter>Test1\Shader</Filter>
    </None>
    <None Include="gbuffer.vert.glsl">
      <Filter>Test1\Shader</Filter>
    </None>
    <None Include="main.frag.glsl">
      <Filter>Test1\Shader</Filter>
    </None>
    <None Include="main.vert.glsl">
      <Filter>Test1\Shader</Filter>
    </None>
  </ItemGroup>
</Project>