<?xml version="1.0" encoding="utf-8"?>
<Project ToolsVersion="4.0" xmlns="http://schemas.microsoft.com/developer/msbuild/2003">
  <ItemGroup>
    <ClCompile Include="stdafx.cpp" />
    <ClCompile Include="EngineApp.cpp">
      <Filter>App</Filter>
    </ClCompile>
    <ClCompile Include="LogSystem.cpp">
      <Filter>Core</Filter>
    </ClCompile>
    <ClCompile Include="Core.cpp">
      <Filter>Core</Filter>
    </ClCompile>
    <ClCompile Include="WindowSystem.cpp">
      <Filter>Platform</Filter>
    </ClCompile>
    <ClCompile Include="RenderSystem.cpp">
      <Filter>Render</Filter>
    </ClCompile>
    <ClCompile Include="RenderCore.cpp">
      <Filter>Render</Filter>
    </ClCompile>
    <ClCompile Include="RenderResources.cpp">
      <Filter>Render</Filter>
    </ClCompile>
    <ClCompile Include="Image.cpp">
      <Filter>Core</Filter>
    </ClCompile>
    <ClCompile Include="RenderSystem_Shader.cpp">
      <Filter>Render</Filter>
    </ClCompile>
    <ClCompile Include="RenderCamera.cpp">
      <Filter>Render</Filter>
    </ClCompile>
    <ClCompile Include="RenderSystem_Buffer.cpp">
      <Filter>Render</Filter>
    </ClCompile>
    <ClCompile Include="RenderSystem_State.cpp">
      <Filter>Render</Filter>
    </ClCompile>
    <ClCompile Include="Keyboard.cpp">
      <Filter>Platform</Filter>
    </ClCompile>
    <ClCompile Include="EngineString.cpp">
      <Filter>Core</Filter>
    </ClCompile>
    <ClCompile Include="Mouse.cpp">
      <Filter>Platform</Filter>
    </ClCompile>
  </ItemGroup>
  <ItemGroup>
    <ClInclude Include="stdafx.h" />
    <ClInclude Include="EngineApp.h">
      <Filter>App</Filter>
    </ClInclude>
    <ClInclude Include="WindowsInclude.h">
      <Filter>Platform</Filter>
    </ClInclude>
    <ClInclude Include="LogSystem.h">
      <Filter>Core</Filter>
    </ClInclude>
    <ClInclude Include="Core.h">
      <Filter>Core</Filter>
    </ClInclude>
    <ClInclude Include="WindowSystem.h">
      <Filter>Platform</Filter>
    </ClInclude>
    <ClInclude Include="Systems.h">
      <Filter>Core</Filter>
    </ClInclude>
    <ClInclude Include="RenderSystem.h">
      <Filter>Render</Filter>
    </ClInclude>
    <ClInclude Include="RenderCore.h">
      <Filter>Render</Filter>
    </ClInclude>
    <ClInclude Include="RenderResources.h">
      <Filter>Render</Filter>
    </ClInclude>
    <ClInclude Include="Image.h">
      <Filter>Core</Filter>
    </ClInclude>
    <ClInclude Include="DebugNew.h">
      <Filter>Core</Filter>
    </ClInclude>
    <ClInclude Include="RenderCamera.h">
      <Filter>Render</Filter>
    </ClInclude>
    <ClInclude Include="Keyboard.h">
      <Filter>Platform</Filter>
    </ClInclude>
    <ClInclude Include="EnumArray.h">
      <Filter>Core</Filter>
    </ClInclude>
    <ClInclude Include="EngineString.h">
      <Filter>Core</Filter>
    </ClInclude>
    <ClInclude Include="Utf.h">
      <Filter>Core</Filter>
    </ClInclude>
    <ClInclude Include="Mouse.h">
      <Filter>Platform</Filter>
    </ClInclude>
  </ItemGroup>
  <ItemGroup>
    <Filter Include="Core">
      <UniqueIdentifier>{9783a5ce-ab38-408b-a309-0144d5f6b325}</UniqueIdentifier>
    </Filter>
    <Filter Include="App">
      <UniqueIdentifier>{6fe40fe9-e3ad-4930-9e9c-7901e9a8a2d0}</UniqueIdentifier>
    </Filter>
    <Filter Include="Render">
      <UniqueIdentifier>{9ceec541-d26f-4dfc-9466-54f5e8539915}</UniqueIdentifier>
    </Filter>
    <Filter Include="Platform">
      <UniqueIdentifier>{531bf4ee-0294-4396-ba8c-ba58b18acaa8}</UniqueIdentifier>
    </Filter>
    <Filter Include="Graphics">
      <UniqueIdentifier>{d97133bd-8f8c-4c0f-adde-a5e086c23c8d}</UniqueIdentifier>
    </Filter>
  </ItemGroup>
</Project>