<?xml version="1.0" encoding="utf-8"?>
<Project ToolsVersion="4.0" xmlns="http://schemas.microsoft.com/developer/msbuild/2003">
  <ItemGroup>
    <ClCompile Include="stdafx.cpp" />
    <ClCompile Include="EngineApp.cpp">
      <Filter>App</Filter>
    </ClCompile>
    <ClCompile Include="LogSystem.cpp">
      <Filter>Core</Filter>
    </ClCompile>
    <ClCompile Include="Core.cpp">
      <Filter>Core</Filter>
    </ClCompile>
    <ClCompile Include="WindowSystem.cpp">
      <Filter>Platform</Filter>
    </ClCompile>
    <ClCompile Include="RenderSystem.cpp">
      <Filter>Render</Filter>
    </ClCompile>
    <ClCompile Include="RenderCore.cpp">
      <Filter>Render</Filter>
    </ClCompile>
    <ClCompile Include="Image.cpp">
      <Filter>Core</Filter>
    </ClCompile>
    <ClCompile Include="Keyboard.cpp">
      <Filter>Platform</Filter>
    </ClCompile>
    <ClCompile Include="EngineString.cpp">
      <Filter>Core</Filter>
    </ClCompile>
    <ClCompile Include="Mouse.cpp">
      <Filter>Platform</Filter>
    </ClCompile>
    <ClCompile Include="Clock.cpp">
      <Filter>Core</Filter>
    </ClCompile>
    <ClCompile Include="FileInputStream.cpp">
      <Filter>Core</Filter>
    </ClCompile>
    <ClCompile Include="MemoryInputStream.cpp">
      <Filter>Core</Filter>
    </ClCompile>
    <ClCompile Include="Sleep.cpp">
      <Filter>Platform</Filter>
    </ClCompile>
    <ClCompile Include="RenderCamera.cpp">
      <Filter>Render</Filter>
    </ClCompile>
    <ClCompile Include="RenderResources.cpp">
      <Filter>Render</Filter>
    </ClCompile>
    <ClCompile Include="GenerateUUID.cpp">
      <Filter>Core</Filter>
    </ClCompile>
  </ItemGroup>
  <ItemGroup>
    <ClInclude Include="stdafx.h" />
    <ClInclude Include="EngineApp.h">
      <Filter>App</Filter>
    </ClInclude>
    <ClInclude Include="WindowsInclude.h">
      <Filter>Platform</Filter>
    </ClInclude>
    <ClInclude Include="LogSystem.h">
      <Filter>Core</Filter>
    </ClInclude>
    <ClInclude Include="Core.h">
      <Filter>Core</Filter>
    </ClInclude>
    <ClInclude Include="WindowSystem.h">
      <Filter>Platform</Filter>
    </ClInclude>
    <ClInclude Include="Systems.h">
      <Filter>Core</Filter>
    </ClInclude>
    <ClInclude Include="RenderSystem.h">
      <Filter>Render</Filter>
    </ClInclude>
    <ClInclude Include="RenderCore.h">
      <Filter>Render</Filter>
    </ClInclude>
    <ClInclude Include="Image.h">
      <Filter>Core</Filter>
    </ClInclude>
    <ClInclude Include="DebugNew.h">
      <Filter>Core</Filter>
    </ClInclude>
    <ClInclude Include="Keyboard.h">
      <Filter>Platform</Filter>
    </ClInclude>
    <ClInclude Include="EnumArray.h">
      <Filter>Core</Filter>
    </ClInclude>
    <ClInclude Include="EngineString.h">
      <Filter>Core</Filter>
    </ClInclude>
    <ClInclude Include="Utf.h">
      <Filter>Core</Filter>
    </ClInclude>
    <ClInclude Include="Mouse.h">
      <Filter>Platform</Filter>
    </ClInclude>
    <ClInclude Include="PlatformEvent.h">
      <Filter>Platform</Filter>
    </ClInclude>
    <ClInclude Include="Clock.h">
      <Filter>Core</Filter>
    </ClInclude>
    <ClInclude Include="EngineTime.h">
      <Filter>Core</Filter>
    </ClInclude>
    <ClInclude Include="InputStream.h">
      <Filter>Core</Filter>
    </ClInclude>
    <ClInclude Include="FileInputStream.h">
      <Filter>Core</Filter>
    </ClInclude>
    <ClInclude Include="MemoryInputStream.h">
      <Filter>Core</Filter>
    </ClInclude>
    <ClInclude Include="TemporaryWindow.h">
      <Filter>Platform\priv</Filter>
    </ClInclude>
    <ClInclude Include="Sleep.h">
      <Filter>Platform</Filter>
    </ClInclude>
    <ClInclude Include="Utils.h">
      <Filter>Core</Filter>
    </ClInclude>
    <ClInclude Include="RenderCamera.h">
      <Filter>Render</Filter>
    </ClInclude>
    <ClInclude Include="RenderResources.h">
      <Filter>Render</Filter>
    </ClInclude>
    <ClInclude Include="CheckSupportOGLExtensions.h">
      <Filter>Render\Private</Filter>
    </ClInclude>
    <ClInclude Include="GenerateUUID.h">
      <Filter>Core</Filter>
    </ClInclude>
  </ItemGroup>
  <ItemGroup>
    <Filter Include="Core">
      <UniqueIdentifier>{9783a5ce-ab38-408b-a309-0144d5f6b325}</UniqueIdentifier>
    </Filter>
    <Filter Include="App">
      <UniqueIdentifier>{6fe40fe9-e3ad-4930-9e9c-7901e9a8a2d0}</UniqueIdentifier>
    </Filter>
    <Filter Include="Render">
      <UniqueIdentifier>{9ceec541-d26f-4dfc-9466-54f5e8539915}</UniqueIdentifier>
    </Filter>
    <Filter Include="Platform">
      <UniqueIdentifier>{531bf4ee-0294-4396-ba8c-ba58b18acaa8}</UniqueIdentifier>
    </Filter>
    <Filter Include="Graphics">
      <UniqueIdentifier>{d97133bd-8f8c-4c0f-adde-a5e086c23c8d}</UniqueIdentifier>
    </Filter>
    <Filter Include="Platform\priv">
      <UniqueIdentifier>{c708819e-d80c-48ae-b487-b63f7b363cea}</UniqueIdentifier>
    </Filter>
    <Filter Include="Render\Private">
      <UniqueIdentifier>{24b9f428-6ab2-4695-bebf-cc75930bf392}</UniqueIdentifier>
    </Filter>
    <Filter Include="Math">
      <UniqueIdentifier>{0c4cb0bd-2043-4783-b4a7-9bd149a664c8}</UniqueIdentifier>
    </Filter>
    <Filter Include="Base">
      <UniqueIdentifier>{87146f67-ccc7-47d2-a453-3136b039b812}</UniqueIdentifier>
    </Filter>
  </ItemGroup>
  <ItemGroup>
    <None Include="RenderSystem.inl">
      <Filter>Render</Filter>
    </None>
  </ItemGroup>
</Project>