<?xml version="1.0" encoding="utf-8"?>
<Project ToolsVersion="4.0" xmlns="http://schemas.microsoft.com/developer/msbuild/2003">
  <ItemGroup>
    <ClCompile Include="GameApp.cpp" />
    <ClCompile Include="main.cpp" />
    <ClCompile Include="stdafx.cpp" />
    <ClCompile Include="DemoApp001.cpp">
      <Filter>001 Reflective shadow map</Filter>
    </ClCompile>
    <ClCompile Include="GraphicsSystem.cpp" />
    <ClCompile Include="GraphicsResources.cpp" />
    <ClCompile Include="GMesh.cpp" />
    <ClCompile Include="GModel.cpp" />
    <ClCompile Include="RenderPass.cpp" />
    <ClCompile Include="DA001_GBufferPass.cpp">
      <Filter>001 Reflective shadow map</Filter>
    </ClCompile>
    <ClCompile Include="DA001_HalfCornellBox.cpp">
      <Filter>001 Reflective shadow map</Filter>
    </ClCompile>
  </ItemGroup>
  <ItemGroup>
    <ClInclude Include="GameApp.h" />
    <ClInclude Include="stdafx.h" />
    <ClInclude Include="DemoApp001.h">
      <Filter>001 Reflective shadow map</Filter>
    </ClInclude>
    <ClInclude Include="GraphicsSystem.h" />
    <ClInclude Include="GraphicsResources.h" />
    <ClInclude Include="MVector.h" />
    <ClInclude Include="GMesh.h" />
    <ClInclude Include="GModel.h" />
    <ClInclude Include="RenderPass.h" />
    <ClInclude Include="DA001_GBufferPass.h">
      <Filter>001 Reflective shadow map</Filter>
    </ClInclude>
    <ClInclude Include="DA001_HalfCornellBox.h">
      <Filter>001 Reflective shadow map</Filter>
    </ClInclude>
  </ItemGroup>
  <ItemGroup>
    <Filter Include="001 Reflective shadow map">
      <UniqueIdentifier>{7d282a56-7a31-47ca-9cbe-0b57c9100e32}</UniqueIdentifier>
    </Filter>
  </ItemGroup>
</Project>